
Microsoft Visual Studio Solution File, Format Version 12.00
# Visual Studio Version 17
VisualStudioVersion = 17.2.32616.157
MinimumVisualStudioVersion = 10.0.40219.1
Project("{FAE04EC0-301F-11D3-BF4B-00C04F79EFBC}") = "ConsoleUI", "InterfaceDemo\ConsoleUI.csproj", "{2C529D56-E444-4F48-B99E-838A23393FE2}"
EndProject
Project("{FAE04EC0-301F-11D3-BF4B-00C04F79EFBC}") = "DemoLibrary", "DemoLibrary\DemoLibrary.csproj", "{D477932B-857A-4F25-9712-D339B2634F9D}"
EndProject
Global
	GlobalSection(SolutionConfigurationPlatforms) = preSolution
		Debug|Any CPU = Debug|Any CPU
		Release|Any CPU = Release|Any CPU
	EndGlobalSection
	GlobalSection(ProjectConfigurationPlatforms) = postSolution
		{2C529D56-E444-4F48-B99E-838A23393FE2}.Debug|Any CPU.ActiveCfg = Debug|Any CPU
		{2C529D56-E444-4F48-B99E-838A23393FE2}.Debug|Any CPU.Build.0 = Debug|Any CPU
		{2C529D56-E444-4F48-B99E-838A23393FE2}.Release|Any CPU.ActiveCfg = Release|Any CPU
		{2C529D56-E444-4F48-B99E-838A23393FE2}.Release|Any CPU.Build.0 = Release|Any CPU
		{D477932B-857A-4F25-9712-D339B2634F9D}.Debug|Any CPU.ActiveCfg = Debug|Any CPU
		{D477932B-857A-4F25-9712-D339B2634F9D}.Debug|Any CPU.Build.0 = Debug|Any CPU
		{D477932B-857A-4F25-9712-D339B2634F9D}.Release|Any CPU.ActiveCfg = Release|Any CPU
		{D477932B-857A-4F25-9712-D339B2634F9D}.Release|Any CPU.Build.0 = Release|Any CPU
	EndGlobalSection
	GlobalSection(SolutionProperties) = preSolution
		HideSolutionNode = FALSE
	EndGlobalSection
	GlobalSection(ExtensibilityGlobals) = postSolution
		SolutionGuid = {CC65F37D-BEB0-4779-97E2-291F4847F479}
	EndGlobalSection
EndGlobal
